
Microsoft Visual Studio Solution File, Format Version 12.00
# Visual Studio Version 16
VisualStudioVersion = 16.0.810.16
MinimumVisualStudioVersion = 10.0.40219.1
Project("{FAE04EC0-301F-11D3-BF4B-00C04F79EFBC}") = "Lesson6Homework", "Lesson6Homework\Lesson6Homework.csproj", "{E9CCE60B-D05A-48C4-83AA-6C810E9C98B9}"
EndProject
Project("{FAE04EC0-301F-11D3-BF4B-00C04F79EFBC}") = "Second", "Second\Second.csproj", "{F8AC315A-BF7F-49C0-AC19-DAE30ED938DB}"
EndProject
Global
	GlobalSection(SolutionConfigurationPlatforms) = preSolution
		Debug|Any CPU = Debug|Any CPU
		Release|Any CPU = Release|Any CPU
	EndGlobalSection
	GlobalSection(ProjectConfigurationPlatforms) = postSolution
		{E9CCE60B-D05A-48C4-83AA-6C810E9C98B9}.Debug|Any CPU.ActiveCfg = Debug|Any CPU
		{E9CCE60B-D05A-48C4-83AA-6C810E9C98B9}.Debug|Any CPU.Build.0 = Debug|Any CPU
		{E9CCE60B-D05A-48C4-83AA-6C810E9C98B9}.Release|Any CPU.ActiveCfg = Release|Any CPU
		{E9CCE60B-D05A-48C4-83AA-6C810E9C98B9}.Release|Any CPU.Build.0 = Release|Any CPU
		{F8AC315A-BF7F-49C0-AC19-DAE30ED938DB}.Debug|Any CPU.ActiveCfg = Debug|Any CPU
		{F8AC315A-BF7F-49C0-AC19-DAE30ED938DB}.Debug|Any CPU.Build.0 = Debug|Any CPU
		{F8AC315A-BF7F-49C0-AC19-DAE30ED938DB}.Release|Any CPU.ActiveCfg = Release|Any CPU
		{F8AC315A-BF7F-49C0-AC19-DAE30ED938DB}.Release|Any CPU.Build.0 = Release|Any CPU
	EndGlobalSection
	GlobalSection(SolutionProperties) = preSolution
		HideSolutionNode = FALSE
	EndGlobalSection
	GlobalSection(ExtensibilityGlobals) = postSolution
		SolutionGuid = {92EA0180-4125-47D2-B627-4686BA8F7547}
	EndGlobalSection
EndGlobal
